
Microsoft Visual Studio Solution File, Format Version 12.00
# Visual Studio 15
VisualStudioVersion = 15.0.27130.2026
MinimumVisualStudioVersion = 10.0.40219.1
Project("{FAE04EC0-301F-11D3-BF4B-00C04F79EFBC}") = "Groove", "Groove\Groove.csproj", "{75B0B8B3-F88A-4AFA-9B5B-6940314F1849}"
EndProject
Project("{FAE04EC0-301F-11D3-BF4B-00C04F79EFBC}") = "DipBase", "DipBase\DipBase.csproj", "{D3F16F86-0640-455B-915F-9554D0A54191}"
EndProject
Project("{FAE04EC0-301F-11D3-BF4B-00C04F79EFBC}") = "Delay", "Delay\Delay.csproj", "{B62F81BA-00F6-4472-85BF-8A6F14CFF1C9}"
EndProject
Project("{FAE04EC0-301F-11D3-BF4B-00C04F79EFBC}") = "3xOsc", "3xOsc\3xOsc.csproj", "{12786C7D-8D18-4EC6-BCE7-7C0D070844FF}"
EndProject
Project("{FAE04EC0-301F-11D3-BF4B-00C04F79EFBC}") = "NoteLib", "NoteLib\NoteLib.csproj", "{C1876B09-5703-4ABB-A24E-1AF3A352DCF5}"
EndProject
Global
	GlobalSection(SolutionConfigurationPlatforms) = preSolution
		Debug|Any CPU = Debug|Any CPU
		Release|Any CPU = Release|Any CPU
	EndGlobalSection
	GlobalSection(ProjectConfigurationPlatforms) = postSolution
		{75B0B8B3-F88A-4AFA-9B5B-6940314F1849}.Debug|Any CPU.ActiveCfg = Debug|Any CPU
		{75B0B8B3-F88A-4AFA-9B5B-6940314F1849}.Debug|Any CPU.Build.0 = Debug|Any CPU
		{75B0B8B3-F88A-4AFA-9B5B-6940314F1849}.Release|Any CPU.ActiveCfg = Release|Any CPU
		{75B0B8B3-F88A-4AFA-9B5B-6940314F1849}.Release|Any CPU.Build.0 = Release|Any CPU
		{D3F16F86-0640-455B-915F-9554D0A54191}.Debug|Any CPU.ActiveCfg = Debug|Any CPU
		{D3F16F86-0640-455B-915F-9554D0A54191}.Debug|Any CPU.Build.0 = Debug|Any CPU
		{D3F16F86-0640-455B-915F-9554D0A54191}.Release|Any CPU.ActiveCfg = Release|Any CPU
		{D3F16F86-0640-455B-915F-9554D0A54191}.Release|Any CPU.Build.0 = Release|Any CPU
		{B62F81BA-00F6-4472-85BF-8A6F14CFF1C9}.Debug|Any CPU.ActiveCfg = Debug|Any CPU
		{B62F81BA-00F6-4472-85BF-8A6F14CFF1C9}.Debug|Any CPU.Build.0 = Debug|Any CPU
		{B62F81BA-00F6-4472-85BF-8A6F14CFF1C9}.Release|Any CPU.ActiveCfg = Release|Any CPU
		{B62F81BA-00F6-4472-85BF-8A6F14CFF1C9}.Release|Any CPU.Build.0 = Release|Any CPU
		{12786C7D-8D18-4EC6-BCE7-7C0D070844FF}.Debug|Any CPU.ActiveCfg = Debug|Any CPU
		{12786C7D-8D18-4EC6-BCE7-7C0D070844FF}.Debug|Any CPU.Build.0 = Debug|Any CPU
		{12786C7D-8D18-4EC6-BCE7-7C0D070844FF}.Release|Any CPU.ActiveCfg = Release|Any CPU
		{12786C7D-8D18-4EC6-BCE7-7C0D070844FF}.Release|Any CPU.Build.0 = Release|Any CPU
		{C1876B09-5703-4ABB-A24E-1AF3A352DCF5}.Debug|Any CPU.ActiveCfg = Debug|Any CPU
		{C1876B09-5703-4ABB-A24E-1AF3A352DCF5}.Debug|Any CPU.Build.0 = Debug|Any CPU
		{C1876B09-5703-4ABB-A24E-1AF3A352DCF5}.Release|Any CPU.ActiveCfg = Release|Any CPU
		{C1876B09-5703-4ABB-A24E-1AF3A352DCF5}.Release|Any CPU.Build.0 = Release|Any CPU
	EndGlobalSection
	GlobalSection(SolutionProperties) = preSolution
		HideSolutionNode = FALSE
	EndGlobalSection
	GlobalSection(ExtensibilityGlobals) = postSolution
		SolutionGuid = {69523F9F-4C43-4241-91E8-699C050E9A16}
	EndGlobalSection
EndGlobal
